
Microsoft Visual Studio Solution File, Format Version 12.00
# Visual Studio 15
VisualStudioVersion = 15.0.26124.0
MinimumVisualStudioVersion = 15.0.26124.0
Project("{FAE04EC0-301F-11D3-BF4B-00C04F79EFBC}") = "Domain", "Domain\Domain.csproj", "{4B65E1A7-B6B1-478A-99BF-6D65D3836AEB}"
EndProject
Project("{FAE04EC0-301F-11D3-BF4B-00C04F79EFBC}") = "Application", "Application\Application.csproj", "{F785E609-E042-413C-AF20-6B6F1D7A054D}"
EndProject
Project("{FAE04EC0-301F-11D3-BF4B-00C04F79EFBC}") = "Persistence", "Persistence\Persistence.csproj", "{7004534C-8A6B-48F7-9E78-40DF6721554D}"
EndProject
Project("{FAE04EC0-301F-11D3-BF4B-00C04F79EFBC}") = "API", "API\API.csproj", "{21956AAE-AAE8-4FCD-A923-5791184EB1F8}"
EndProject
Project("{FAE04EC0-301F-11D3-BF4B-00C04F79EFBC}") = "Infrastructure", "Infrastructure\Infrastructure.csproj", "{D90F7D23-BC04-48F8-9B67-D5980F68D335}"
EndProject
Global
	GlobalSection(SolutionConfigurationPlatforms) = preSolution
		Debug|Any CPU = Debug|Any CPU
		Debug|x64 = Debug|x64
		Debug|x86 = Debug|x86
		Release|Any CPU = Release|Any CPU
		Release|x64 = Release|x64
		Release|x86 = Release|x86
	EndGlobalSection
	GlobalSection(SolutionProperties) = preSolution
		HideSolutionNode = FALSE
	EndGlobalSection
	GlobalSection(ProjectConfigurationPlatforms) = postSolution
		{4B65E1A7-B6B1-478A-99BF-6D65D3836AEB}.Debug|Any CPU.ActiveCfg = Debug|Any CPU
		{4B65E1A7-B6B1-478A-99BF-6D65D3836AEB}.Debug|Any CPU.Build.0 = Debug|Any CPU
		{4B65E1A7-B6B1-478A-99BF-6D65D3836AEB}.Debug|x64.ActiveCfg = Debug|Any CPU
		{4B65E1A7-B6B1-478A-99BF-6D65D3836AEB}.Debug|x64.Build.0 = Debug|Any CPU
		{4B65E1A7-B6B1-478A-99BF-6D65D3836AEB}.Debug|x86.ActiveCfg = Debug|Any CPU
		{4B65E1A7-B6B1-478A-99BF-6D65D3836AEB}.Debug|x86.Build.0 = Debug|Any CPU
		{4B65E1A7-B6B1-478A-99BF-6D65D3836AEB}.Release|Any CPU.ActiveCfg = Release|Any CPU
		{4B65E1A7-B6B1-478A-99BF-6D65D3836AEB}.Release|Any CPU.Build.0 = Release|Any CPU
		{4B65E1A7-B6B1-478A-99BF-6D65D3836AEB}.Release|x64.ActiveCfg = Release|Any CPU
		{4B65E1A7-B6B1-478A-99BF-6D65D3836AEB}.Release|x64.Build.0 = Release|Any CPU
		{4B65E1A7-B6B1-478A-99BF-6D65D3836AEB}.Release|x86.ActiveCfg = Release|Any CPU
		{4B65E1A7-B6B1-478A-99BF-6D65D3836AEB}.Release|x86.Build.0 = Release|Any CPU
		{F785E609-E042-413C-AF20-6B6F1D7A054D}.Debug|Any CPU.ActiveCfg = Debug|Any CPU
		{F785E609-E042-413C-AF20-6B6F1D7A054D}.Debug|Any CPU.Build.0 = Debug|Any CPU
		{F785E609-E042-413C-AF20-6B6F1D7A054D}.Debug|x64.ActiveCfg = Debug|Any CPU
		{F785E609-E042-413C-AF20-6B6F1D7A054D}.Debug|x64.Build.0 = Debug|Any CPU
		{F785E609-E042-413C-AF20-6B6F1D7A054D}.Debug|x86.ActiveCfg = Debug|Any CPU
		{F785E609-E042-413C-AF20-6B6F1D7A054D}.Debug|x86.Build.0 = Debug|Any CPU
		{F785E609-E042-413C-AF20-6B6F1D7A054D}.Release|Any CPU.ActiveCfg = Release|Any CPU
		{F785E609-E042-413C-AF20-6B6F1D7A054D}.Release|Any CPU.Build.0 = Release|Any CPU
		{F785E609-E042-413C-AF20-6B6F1D7A054D}.Release|x64.ActiveCfg = Release|Any CPU
		{F785E609-E042-413C-AF20-6B6F1D7A054D}.Release|x64.Build.0 = Release|Any CPU
		{F785E609-E042-413C-AF20-6B6F1D7A054D}.Release|x86.ActiveCfg = Release|Any CPU
		{F785E609-E042-413C-AF20-6B6F1D7A054D}.Release|x86.Build.0 = Release|Any CPU
		{7004534C-8A6B-48F7-9E78-40DF6721554D}.Debug|Any CPU.ActiveCfg = Debug|Any CPU
		{7004534C-8A6B-48F7-9E78-40DF6721554D}.Debug|Any CPU.Build.0 = Debug|Any CPU
		{7004534C-8A6B-48F7-9E78-40DF6721554D}.Debug|x64.ActiveCfg = Debug|Any CPU
		{7004534C-8A6B-48F7-9E78-40DF6721554D}.Debug|x64.Build.0 = Debug|Any CPU
		{7004534C-8A6B-48F7-9E78-40DF6721554D}.Debug|x86.ActiveCfg = Debug|Any CPU
		{7004534C-8A6B-48F7-9E78-40DF6721554D}.Debug|x86.Build.0 = Debug|Any CPU
		{7004534C-8A6B-48F7-9E78-40DF6721554D}.Release|Any CPU.ActiveCfg = Release|Any CPU
		{7004534C-8A6B-48F7-9E78-40DF6721554D}.Release|Any CPU.Build.0 = Release|Any CPU
		{7004534C-8A6B-48F7-9E78-40DF6721554D}.Release|x64.ActiveCfg = Release|Any CPU
		{7004534C-8A6B-48F7-9E78-40DF6721554D}.Release|x64.Build.0 = Release|Any CPU
		{7004534C-8A6B-48F7-9E78-40DF6721554D}.Release|x86.ActiveCfg = Release|Any CPU
		{7004534C-8A6B-48F7-9E78-40DF6721554D}.Release|x86.Build.0 = Release|Any CPU
		{21956AAE-AAE8-4FCD-A923-5791184EB1F8}.Debug|Any CPU.ActiveCfg = Debug|Any CPU
		{21956AAE-AAE8-4FCD-A923-5791184EB1F8}.Debug|Any CPU.Build.0 = Debug|Any CPU
		{21956AAE-AAE8-4FCD-A923-5791184EB1F8}.Debug|x64.ActiveCfg = Debug|Any CPU
		{21956AAE-AAE8-4FCD-A923-5791184EB1F8}.Debug|x64.Build.0 = Debug|Any CPU
		{21956AAE-AAE8-4FCD-A923-5791184EB1F8}.Debug|x86.ActiveCfg = Debug|Any CPU
		{21956AAE-AAE8-4FCD-A923-5791184EB1F8}.Debug|x86.Build.0 = Debug|Any CPU
		{21956AAE-AAE8-4FCD-A923-5791184EB1F8}.Release|Any CPU.ActiveCfg = Release|Any CPU
		{21956AAE-AAE8-4FCD-A923-5791184EB1F8}.Release|Any CPU.Build.0 = Release|Any CPU
		{21956AAE-AAE8-4FCD-A923-5791184EB1F8}.Release|x64.ActiveCfg = Release|Any CPU
		{21956AAE-AAE8-4FCD-A923-5791184EB1F8}.Release|x64.Build.0 = Release|Any CPU
		{21956AAE-AAE8-4FCD-A923-5791184EB1F8}.Release|x86.ActiveCfg = Release|Any CPU
		{21956AAE-AAE8-4FCD-A923-5791184EB1F8}.Release|x86.Build.0 = Release|Any CPU
		{D90F7D23-BC04-48F8-9B67-D5980F68D335}.Debug|Any CPU.ActiveCfg = Debug|Any CPU
		{D90F7D23-BC04-48F8-9B67-D5980F68D335}.Debug|Any CPU.Build.0 = Debug|Any CPU
		{D90F7D23-BC04-48F8-9B67-D5980F68D335}.Debug|x64.ActiveCfg = Debug|Any CPU
		{D90F7D23-BC04-48F8-9B67-D5980F68D335}.Debug|x64.Build.0 = Debug|Any CPU
		{D90F7D23-BC04-48F8-9B67-D5980F68D335}.Debug|x86.ActiveCfg = Debug|Any CPU
		{D90F7D23-BC04-48F8-9B67-D5980F68D335}.Debug|x86.Build.0 = Debug|Any CPU
		{D90F7D23-BC04-48F8-9B67-D5980F68D335}.Release|Any CPU.ActiveCfg = Release|Any CPU
		{D90F7D23-BC04-48F8-9B67-D5980F68D335}.Release|Any CPU.Build.0 = Release|Any CPU
		{D90F7D23-BC04-48F8-9B67-D5980F68D335}.Release|x64.ActiveCfg = Release|Any CPU
		{D90F7D23-BC04-48F8-9B67-D5980F68D335}.Release|x64.Build.0 = Release|Any CPU
		{D90F7D23-BC04-48F8-9B67-D5980F68D335}.Release|x86.ActiveCfg = Release|Any CPU
		{D90F7D23-BC04-48F8-9B67-D5980F68D335}.Release|x86.Build.0 = Release|Any CPU
	EndGlobalSection
EndGlobal
